
Microsoft Visual Studio Solution File, Format Version 12.00
# Visual Studio 15
Project("{FAE04EC0-301F-11D3-BF4B-00C04F79EFBC}") = "PhotonRealtime", "PhotonRealtime.csproj", "{39F314A4-F8FE-E2E8-D96C-B68C88BA4F6E}"
EndProject
Project("{FAE04EC0-301F-11D3-BF4B-00C04F79EFBC}") = "PhotonUnityNetworking.Editor", "PhotonUnityNetworking.Editor.csproj", "{174F8B60-C3C8-4EA9-5E1B-D137DBBF4A42}"
EndProject
Project("{FAE04EC0-301F-11D3-BF4B-00C04F79EFBC}") = "PhotonUnityNetworking", "PhotonUnityNetworking.csproj", "{67E91872-7DFE-F543-56B1-FDFA044F4B8E}"
EndProject
Project("{FAE04EC0-301F-11D3-BF4B-00C04F79EFBC}") = "PhotonUnityNetworking.Demos", "PhotonUnityNetworking.Demos.csproj", "{40157972-24FD-9077-9D97-767F4788120D}"
EndProject
Project("{FAE04EC0-301F-11D3-BF4B-00C04F79EFBC}") = "Assembly-CSharp", "Assembly-CSharp.csproj", "{877084D7-DB13-2B15-41EE-A1D8A8623522}"
EndProject
Project("{FAE04EC0-301F-11D3-BF4B-00C04F79EFBC}") = "PhotonUnityNetworking.Utilities", "PhotonUnityNetworking.Utilities.csproj", "{E4998A4C-547A-ED02-E742-C63BE28C082C}"
EndProject
Project("{FAE04EC0-301F-11D3-BF4B-00C04F79EFBC}") = "PunDemos.DemoHubEditor", "PunDemos.DemoHubEditor.csproj", "{246760C7-8267-A1D7-EF01-349432E5EAFA}"
EndProject
Project("{FAE04EC0-301F-11D3-BF4B-00C04F79EFBC}") = "PunDemos.DemoSlotcarEditor", "PunDemos.DemoSlotcarEditor.csproj", "{4BCEEF9B-9F8F-4F15-C341-C2536E3D63E1}"
EndProject
Project("{FAE04EC0-301F-11D3-BF4B-00C04F79EFBC}") = "PhotonChat", "PhotonChat.csproj", "{4127A9BC-DDB7-1400-C5D9-625A53F2EBD7}"
EndProject
Project("{FAE04EC0-301F-11D3-BF4B-00C04F79EFBC}") = "PhotonUnityNetworking.Utilities.PhotonPlayer.Editor", "PhotonUnityNetworking.Utilities.PhotonPlayer.Editor.csproj", "{6B00C03E-5FA1-A799-A9B3-63C871F28801}"
EndProject
Project("{FAE04EC0-301F-11D3-BF4B-00C04F79EFBC}") = "PhotonUnityNetworking.Utilities.Culling.Editor", "PhotonUnityNetworking.Utilities.Culling.Editor.csproj", "{01AA1E25-7CD2-A696-C87D-DF36DC9AAB5F}"
EndProject
Project("{FAE04EC0-301F-11D3-BF4B-00C04F79EFBC}") = "Assembly-CSharp-Editor", "Assembly-CSharp-Editor.csproj", "{F6A4DD89-3D96-B029-5313-D65066BB7D89}"
EndProject
Global
	GlobalSection(SolutionConfigurationPlatforms) = preSolution
		Debug|Any CPU = Debug|Any CPU
		Release|Any CPU = Release|Any CPU
	EndGlobalSection
	GlobalSection(ProjectConfigurationPlatforms) = postSolution
		{39F314A4-F8FE-E2E8-D96C-B68C88BA4F6E}.Debug|Any CPU.ActiveCfg = Debug|Any CPU
		{39F314A4-F8FE-E2E8-D96C-B68C88BA4F6E}.Debug|Any CPU.Build.0 = Debug|Any CPU
		{39F314A4-F8FE-E2E8-D96C-B68C88BA4F6E}.Release|Any CPU.ActiveCfg = Release|Any CPU
		{39F314A4-F8FE-E2E8-D96C-B68C88BA4F6E}.Release|Any CPU.Build.0 = Release|Any CPU
		{174F8B60-C3C8-4EA9-5E1B-D137DBBF4A42}.Debug|Any CPU.ActiveCfg = Debug|Any CPU
		{174F8B60-C3C8-4EA9-5E1B-D137DBBF4A42}.Debug|Any CPU.Build.0 = Debug|Any CPU
		{174F8B60-C3C8-4EA9-5E1B-D137DBBF4A42}.Release|Any CPU.ActiveCfg = Release|Any CPU
		{174F8B60-C3C8-4EA9-5E1B-D137DBBF4A42}.Release|Any CPU.Build.0 = Release|Any CPU
		{67E91872-7DFE-F543-56B1-FDFA044F4B8E}.Debug|Any CPU.ActiveCfg = Debug|Any CPU
		{67E91872-7DFE-F543-56B1-FDFA044F4B8E}.Debug|Any CPU.Build.0 = Debug|Any CPU
		{67E91872-7DFE-F543-56B1-FDFA044F4B8E}.Release|Any CPU.ActiveCfg = Release|Any CPU
		{67E91872-7DFE-F543-56B1-FDFA044F4B8E}.Release|Any CPU.Build.0 = Release|Any CPU
		{40157972-24FD-9077-9D97-767F4788120D}.Debug|Any CPU.ActiveCfg = Debug|Any CPU
		{40157972-24FD-9077-9D97-767F4788120D}.Debug|Any CPU.Build.0 = Debug|Any CPU
		{40157972-24FD-9077-9D97-767F4788120D}.Release|Any CPU.ActiveCfg = Release|Any CPU
		{40157972-24FD-9077-9D97-767F4788120D}.Release|Any CPU.Build.0 = Release|Any CPU
		{877084D7-DB13-2B15-41EE-A1D8A8623522}.Debug|Any CPU.ActiveCfg = Debug|Any CPU
		{877084D7-DB13-2B15-41EE-A1D8A8623522}.Debug|Any CPU.Build.0 = Debug|Any CPU
		{877084D7-DB13-2B15-41EE-A1D8A8623522}.Release|Any CPU.ActiveCfg = Release|Any CPU
		{877084D7-DB13-2B15-41EE-A1D8A8623522}.Release|Any CPU.Build.0 = Release|Any CPU
		{E4998A4C-547A-ED02-E742-C63BE28C082C}.Debug|Any CPU.ActiveCfg = Debug|Any CPU
		{E4998A4C-547A-ED02-E742-C63BE28C082C}.Debug|Any CPU.Build.0 = Debug|Any CPU
		{E4998A4C-547A-ED02-E742-C63BE28C082C}.Release|Any CPU.ActiveCfg = Release|Any CPU
		{E4998A4C-547A-ED02-E742-C63BE28C082C}.Release|Any CPU.Build.0 = Release|Any CPU
		{246760C7-8267-A1D7-EF01-349432E5EAFA}.Debug|Any CPU.ActiveCfg = Debug|Any CPU
		{246760C7-8267-A1D7-EF01-349432E5EAFA}.Debug|Any CPU.Build.0 = Debug|Any CPU
		{246760C7-8267-A1D7-EF01-349432E5EAFA}.Release|Any CPU.ActiveCfg = Release|Any CPU
		{246760C7-8267-A1D7-EF01-349432E5EAFA}.Release|Any CPU.Build.0 = Release|Any CPU
		{4BCEEF9B-9F8F-4F15-C341-C2536E3D63E1}.Debug|Any CPU.ActiveCfg = Debug|Any CPU
		{4BCEEF9B-9F8F-4F15-C341-C2536E3D63E1}.Debug|Any CPU.Build.0 = Debug|Any CPU
		{4BCEEF9B-9F8F-4F15-C341-C2536E3D63E1}.Release|Any CPU.ActiveCfg = Release|Any CPU
		{4BCEEF9B-9F8F-4F15-C341-C2536E3D63E1}.Release|Any CPU.Build.0 = Release|Any CPU
		{4127A9BC-DDB7-1400-C5D9-625A53F2EBD7}.Debug|Any CPU.ActiveCfg = Debug|Any CPU
		{4127A9BC-DDB7-1400-C5D9-625A53F2EBD7}.Debug|Any CPU.Build.0 = Debug|Any CPU
		{4127A9BC-DDB7-1400-C5D9-625A53F2EBD7}.Release|Any CPU.ActiveCfg = Release|Any CPU
		{4127A9BC-DDB7-1400-C5D9-625A53F2EBD7}.Release|Any CPU.Build.0 = Release|Any CPU
		{6B00C03E-5FA1-A799-A9B3-63C871F28801}.Debug|Any CPU.ActiveCfg = Debug|Any CPU
		{6B00C03E-5FA1-A799-A9B3-63C871F28801}.Debug|Any CPU.Build.0 = Debug|Any CPU
		{6B00C03E-5FA1-A799-A9B3-63C871F28801}.Release|Any CPU.ActiveCfg = Release|Any CPU
		{6B00C03E-5FA1-A799-A9B3-63C871F28801}.Release|Any CPU.Build.0 = Release|Any CPU
		{01AA1E25-7CD2-A696-C87D-DF36DC9AAB5F}.Debug|Any CPU.ActiveCfg = Debug|Any CPU
		{01AA1E25-7CD2-A696-C87D-DF36DC9AAB5F}.Debug|Any CPU.Build.0 = Debug|Any CPU
		{01AA1E25-7CD2-A696-C87D-DF36DC9AAB5F}.Release|Any CPU.ActiveCfg = Release|Any CPU
		{01AA1E25-7CD2-A696-C87D-DF36DC9AAB5F}.Release|Any CPU.Build.0 = Release|Any CPU
		{F6A4DD89-3D96-B029-5313-D65066BB7D89}.Debug|Any CPU.ActiveCfg = Debug|Any CPU
		{F6A4DD89-3D96-B029-5313-D65066BB7D89}.Debug|Any CPU.Build.0 = Debug|Any CPU
		{F6A4DD89-3D96-B029-5313-D65066BB7D89}.Release|Any CPU.ActiveCfg = Release|Any CPU
		{F6A4DD89-3D96-B029-5313-D65066BB7D89}.Release|Any CPU.Build.0 = Release|Any CPU
	EndGlobalSection
	GlobalSection(SolutionProperties) = preSolution
		HideSolutionNode = FALSE
	EndGlobalSection
EndGlobal
